
Microsoft Visual Studio Solution File, Format Version 12.00
# Visual Studio Version 16
VisualStudioVersion = 16.0.30503.244
MinimumVisualStudioVersion = 10.0.40219.1
Project("{FAE04EC0-301F-11D3-BF4B-00C04F79EFBC}") = "ApiExample", "ApiExample\ApiExample.csproj", "{90C0F087-DD30-4672-AD1E-3A7662424FE0}"
EndProject
Project("{FAE04EC0-301F-11D3-BF4B-00C04F79EFBC}") = "NUnitTestProject1", "NUnitTestProject1\NUnitTestProject1.csproj", "{04949C2F-C027-4AEF-85D2-91EF946B3262}"
EndProject
Global
	GlobalSection(SolutionConfigurationPlatforms) = preSolution
		Debug|Any CPU = Debug|Any CPU
		Release|Any CPU = Release|Any CPU
	EndGlobalSection
	GlobalSection(ProjectConfigurationPlatforms) = postSolution
		{90C0F087-DD30-4672-AD1E-3A7662424FE0}.Debug|Any CPU.ActiveCfg = Debug|Any CPU
		{90C0F087-DD30-4672-AD1E-3A7662424FE0}.Debug|Any CPU.Build.0 = Debug|Any CPU
		{90C0F087-DD30-4672-AD1E-3A7662424FE0}.Release|Any CPU.ActiveCfg = Release|Any CPU
		{90C0F087-DD30-4672-AD1E-3A7662424FE0}.Release|Any CPU.Build.0 = Release|Any CPU
		{04949C2F-C027-4AEF-85D2-91EF946B3262}.Debug|Any CPU.ActiveCfg = Debug|Any CPU
		{04949C2F-C027-4AEF-85D2-91EF946B3262}.Debug|Any CPU.Build.0 = Debug|Any CPU
		{04949C2F-C027-4AEF-85D2-91EF946B3262}.Release|Any CPU.ActiveCfg = Release|Any CPU
		{04949C2F-C027-4AEF-85D2-91EF946B3262}.Release|Any CPU.Build.0 = Release|Any CPU
	EndGlobalSection
	GlobalSection(SolutionProperties) = preSolution
		HideSolutionNode = FALSE
	EndGlobalSection
	GlobalSection(ExtensibilityGlobals) = postSolution
		SolutionGuid = {07456B6C-DEA9-46E1-A43A-E2FFD02A6634}
	EndGlobalSection
EndGlobal
